
Microsoft Visual Studio Solution File, Format Version 12.00
# Visual Studio Version 16
VisualStudioVersion = 16.0.29201.188
MinimumVisualStudioVersion = 10.0.40219.1
Project("{FAE04EC0-301F-11D3-BF4B-00C04F79EFBC}") = "EyeSeeRobotDo", "EyeSeeRobotDo\EyeSeeRobotDo.csproj", "{2A4CFBFC-CCC3-4830-B0A2-EC6CB586788B}"
EndProject
Project("{2150E333-8FDC-42A3-9474-1A3956D46DE8}") = "Tests", "Tests", "{5E6D3A02-5F9F-457B-B7BB-1EA858A0DCE4}"
EndProject
Project("{9A19103F-16F7-4668-BE54-9A1E7A4F7556}") = "Communication", "Communication\Communication.csproj", "{0E8E5F83-8606-4CD2-A2BA-E255D11B57D9}"
EndProject
Project("{FAE04EC0-301F-11D3-BF4B-00C04F79EFBC}") = "CommunicationTest", "Tests\CommunicationTest\CommunicationTest.csproj", "{1E58FFBA-25AC-4028-8BBE-D1EDC77A7E82}"
EndProject
Project("{2150E333-8FDC-42A3-9474-1A3956D46DE8}") = "Solution Items", "Solution Items", "{F2818BA8-502D-4264-B045-08238D30FD14}"
	ProjectSection(SolutionItems) = preProject
		..\azure-pipelines.yml = ..\azure-pipelines.yml
	EndProjectSection
EndProject
Global
	GlobalSection(SolutionConfigurationPlatforms) = preSolution
		Debug|Any CPU = Debug|Any CPU
		Debug|ARM = Debug|ARM
		Debug|ARM64 = Debug|ARM64
		Debug|x64 = Debug|x64
		Debug|x86 = Debug|x86
		Release|Any CPU = Release|Any CPU
		Release|ARM = Release|ARM
		Release|ARM64 = Release|ARM64
		Release|x64 = Release|x64
		Release|x86 = Release|x86
	EndGlobalSection
	GlobalSection(ProjectConfigurationPlatforms) = postSolution
		{2A4CFBFC-CCC3-4830-B0A2-EC6CB586788B}.Debug|Any CPU.ActiveCfg = Debug|x86
		{2A4CFBFC-CCC3-4830-B0A2-EC6CB586788B}.Debug|ARM.ActiveCfg = Debug|ARM
		{2A4CFBFC-CCC3-4830-B0A2-EC6CB586788B}.Debug|ARM.Build.0 = Debug|ARM
		{2A4CFBFC-CCC3-4830-B0A2-EC6CB586788B}.Debug|ARM.Deploy.0 = Debug|ARM
		{2A4CFBFC-CCC3-4830-B0A2-EC6CB586788B}.Debug|ARM64.ActiveCfg = Debug|x86
		{2A4CFBFC-CCC3-4830-B0A2-EC6CB586788B}.Debug|x64.ActiveCfg = Debug|x64
		{2A4CFBFC-CCC3-4830-B0A2-EC6CB586788B}.Debug|x64.Build.0 = Debug|x64
		{2A4CFBFC-CCC3-4830-B0A2-EC6CB586788B}.Debug|x64.Deploy.0 = Debug|x64
		{2A4CFBFC-CCC3-4830-B0A2-EC6CB586788B}.Debug|x86.ActiveCfg = Debug|x86
		{2A4CFBFC-CCC3-4830-B0A2-EC6CB586788B}.Debug|x86.Build.0 = Debug|x86
		{2A4CFBFC-CCC3-4830-B0A2-EC6CB586788B}.Debug|x86.Deploy.0 = Debug|x86
		{2A4CFBFC-CCC3-4830-B0A2-EC6CB586788B}.Release|Any CPU.ActiveCfg = Release|x86
		{2A4CFBFC-CCC3-4830-B0A2-EC6CB586788B}.Release|ARM.ActiveCfg = Release|ARM
		{2A4CFBFC-CCC3-4830-B0A2-EC6CB586788B}.Release|ARM.Build.0 = Release|ARM
		{2A4CFBFC-CCC3-4830-B0A2-EC6CB586788B}.Release|ARM.Deploy.0 = Release|ARM
		{2A4CFBFC-CCC3-4830-B0A2-EC6CB586788B}.Release|ARM64.ActiveCfg = Release|x86
		{2A4CFBFC-CCC3-4830-B0A2-EC6CB586788B}.Release|x64.ActiveCfg = Release|x64
		{2A4CFBFC-CCC3-4830-B0A2-EC6CB586788B}.Release|x64.Build.0 = Release|x64
		{2A4CFBFC-CCC3-4830-B0A2-EC6CB586788B}.Release|x64.Deploy.0 = Release|x64
		{2A4CFBFC-CCC3-4830-B0A2-EC6CB586788B}.Release|x86.ActiveCfg = Release|x86
		{2A4CFBFC-CCC3-4830-B0A2-EC6CB586788B}.Release|x86.Build.0 = Release|x86
		{2A4CFBFC-CCC3-4830-B0A2-EC6CB586788B}.Release|x86.Deploy.0 = Release|x86
		{604C34FF-24D2-4F11-8A41-5982BE6569D1}.Debug|Any CPU.ActiveCfg = Debug|x86
		{604C34FF-24D2-4F11-8A41-5982BE6569D1}.Debug|ARM.ActiveCfg = Debug|ARM
		{604C34FF-24D2-4F11-8A41-5982BE6569D1}.Debug|ARM.Build.0 = Debug|ARM
		{604C34FF-24D2-4F11-8A41-5982BE6569D1}.Debug|ARM.Deploy.0 = Debug|ARM
		{604C34FF-24D2-4F11-8A41-5982BE6569D1}.Debug|ARM64.ActiveCfg = Debug|ARM64
		{604C34FF-24D2-4F11-8A41-5982BE6569D1}.Debug|ARM64.Build.0 = Debug|ARM64
		{604C34FF-24D2-4F11-8A41-5982BE6569D1}.Debug|ARM64.Deploy.0 = Debug|ARM64
		{604C34FF-24D2-4F11-8A41-5982BE6569D1}.Debug|x64.ActiveCfg = Debug|x64
		{604C34FF-24D2-4F11-8A41-5982BE6569D1}.Debug|x64.Build.0 = Debug|x64
		{604C34FF-24D2-4F11-8A41-5982BE6569D1}.Debug|x64.Deploy.0 = Debug|x64
		{604C34FF-24D2-4F11-8A41-5982BE6569D1}.Debug|x86.ActiveCfg = Debug|x86
		{604C34FF-24D2-4F11-8A41-5982BE6569D1}.Debug|x86.Build.0 = Debug|x86
		{604C34FF-24D2-4F11-8A41-5982BE6569D1}.Debug|x86.Deploy.0 = Debug|x86
		{604C34FF-24D2-4F11-8A41-5982BE6569D1}.Release|Any CPU.ActiveCfg = Release|x86
		{604C34FF-24D2-4F11-8A41-5982BE6569D1}.Release|ARM.ActiveCfg = Release|ARM
		{604C34FF-24D2-4F11-8A41-5982BE6569D1}.Release|ARM.Build.0 = Release|ARM
		{604C34FF-24D2-4F11-8A41-5982BE6569D1}.Release|ARM.Deploy.0 = Release|ARM
		{604C34FF-24D2-4F11-8A41-5982BE6569D1}.Release|ARM64.ActiveCfg = Release|ARM64
		{604C34FF-24D2-4F11-8A41-5982BE6569D1}.Release|ARM64.Build.0 = Release|ARM64
		{604C34FF-24D2-4F11-8A41-5982BE6569D1}.Release|ARM64.Deploy.0 = Release|ARM64
		{604C34FF-24D2-4F11-8A41-5982BE6569D1}.Release|x64.ActiveCfg = Release|x64
		{604C34FF-24D2-4F11-8A41-5982BE6569D1}.Release|x64.Build.0 = Release|x64
		{604C34FF-24D2-4F11-8A41-5982BE6569D1}.Release|x64.Deploy.0 = Release|x64
		{604C34FF-24D2-4F11-8A41-5982BE6569D1}.Release|x86.ActiveCfg = Release|x86
		{604C34FF-24D2-4F11-8A41-5982BE6569D1}.Release|x86.Build.0 = Release|x86
		{604C34FF-24D2-4F11-8A41-5982BE6569D1}.Release|x86.Deploy.0 = Release|x86
		{0E8E5F83-8606-4CD2-A2BA-E255D11B57D9}.Debug|Any CPU.ActiveCfg = Debug|Any CPU
		{0E8E5F83-8606-4CD2-A2BA-E255D11B57D9}.Debug|Any CPU.Build.0 = Debug|Any CPU
		{0E8E5F83-8606-4CD2-A2BA-E255D11B57D9}.Debug|ARM.ActiveCfg = Debug|Any CPU
		{0E8E5F83-8606-4CD2-A2BA-E255D11B57D9}.Debug|ARM.Build.0 = Debug|Any CPU
		{0E8E5F83-8606-4CD2-A2BA-E255D11B57D9}.Debug|ARM64.ActiveCfg = Debug|Any CPU
		{0E8E5F83-8606-4CD2-A2BA-E255D11B57D9}.Debug|ARM64.Build.0 = Debug|Any CPU
		{0E8E5F83-8606-4CD2-A2BA-E255D11B57D9}.Debug|x64.ActiveCfg = Debug|Any CPU
		{0E8E5F83-8606-4CD2-A2BA-E255D11B57D9}.Debug|x64.Build.0 = Debug|Any CPU
		{0E8E5F83-8606-4CD2-A2BA-E255D11B57D9}.Debug|x86.ActiveCfg = Debug|Any CPU
		{0E8E5F83-8606-4CD2-A2BA-E255D11B57D9}.Debug|x86.Build.0 = Debug|Any CPU
		{0E8E5F83-8606-4CD2-A2BA-E255D11B57D9}.Release|Any CPU.ActiveCfg = Release|Any CPU
		{0E8E5F83-8606-4CD2-A2BA-E255D11B57D9}.Release|Any CPU.Build.0 = Release|Any CPU
		{0E8E5F83-8606-4CD2-A2BA-E255D11B57D9}.Release|ARM.ActiveCfg = Release|Any CPU
		{0E8E5F83-8606-4CD2-A2BA-E255D11B57D9}.Release|ARM.Build.0 = Release|Any CPU
		{0E8E5F83-8606-4CD2-A2BA-E255D11B57D9}.Release|ARM64.ActiveCfg = Release|Any CPU
		{0E8E5F83-8606-4CD2-A2BA-E255D11B57D9}.Release|ARM64.Build.0 = Release|Any CPU
		{0E8E5F83-8606-4CD2-A2BA-E255D11B57D9}.Release|x64.ActiveCfg = Release|Any CPU
		{0E8E5F83-8606-4CD2-A2BA-E255D11B57D9}.Release|x64.Build.0 = Release|Any CPU
		{0E8E5F83-8606-4CD2-A2BA-E255D11B57D9}.Release|x86.ActiveCfg = Release|Any CPU
		{0E8E5F83-8606-4CD2-A2BA-E255D11B57D9}.Release|x86.Build.0 = Release|Any CPU
		{1E58FFBA-25AC-4028-8BBE-D1EDC77A7E82}.Debug|Any CPU.ActiveCfg = Debug|Any CPU
		{1E58FFBA-25AC-4028-8BBE-D1EDC77A7E82}.Debug|Any CPU.Build.0 = Debug|Any CPU
		{1E58FFBA-25AC-4028-8BBE-D1EDC77A7E82}.Debug|ARM.ActiveCfg = Debug|Any CPU
		{1E58FFBA-25AC-4028-8BBE-D1EDC77A7E82}.Debug|ARM.Build.0 = Debug|Any CPU
		{1E58FFBA-25AC-4028-8BBE-D1EDC77A7E82}.Debug|ARM64.ActiveCfg = Debug|Any CPU
		{1E58FFBA-25AC-4028-8BBE-D1EDC77A7E82}.Debug|ARM64.Build.0 = Debug|Any CPU
		{1E58FFBA-25AC-4028-8BBE-D1EDC77A7E82}.Debug|x64.ActiveCfg = Debug|Any CPU
		{1E58FFBA-25AC-4028-8BBE-D1EDC77A7E82}.Debug|x64.Build.0 = Debug|Any CPU
		{1E58FFBA-25AC-4028-8BBE-D1EDC77A7E82}.Debug|x86.ActiveCfg = Debug|Any CPU
		{1E58FFBA-25AC-4028-8BBE-D1EDC77A7E82}.Debug|x86.Build.0 = Debug|Any CPU
		{1E58FFBA-25AC-4028-8BBE-D1EDC77A7E82}.Release|Any CPU.ActiveCfg = Release|Any CPU
		{1E58FFBA-25AC-4028-8BBE-D1EDC77A7E82}.Release|Any CPU.Build.0 = Release|Any CPU
		{1E58FFBA-25AC-4028-8BBE-D1EDC77A7E82}.Release|ARM.ActiveCfg = Release|Any CPU
		{1E58FFBA-25AC-4028-8BBE-D1EDC77A7E82}.Release|ARM.Build.0 = Release|Any CPU
		{1E58FFBA-25AC-4028-8BBE-D1EDC77A7E82}.Release|ARM64.ActiveCfg = Release|Any CPU
		{1E58FFBA-25AC-4028-8BBE-D1EDC77A7E82}.Release|ARM64.Build.0 = Release|Any CPU
		{1E58FFBA-25AC-4028-8BBE-D1EDC77A7E82}.Release|x64.ActiveCfg = Release|Any CPU
		{1E58FFBA-25AC-4028-8BBE-D1EDC77A7E82}.Release|x64.Build.0 = Release|Any CPU
		{1E58FFBA-25AC-4028-8BBE-D1EDC77A7E82}.Release|x86.ActiveCfg = Release|Any CPU
		{1E58FFBA-25AC-4028-8BBE-D1EDC77A7E82}.Release|x86.Build.0 = Release|Any CPU
	EndGlobalSection
	GlobalSection(SolutionProperties) = preSolution
		HideSolutionNode = FALSE
	EndGlobalSection
	GlobalSection(NestedProjects) = preSolution
		{604C34FF-24D2-4F11-8A41-5982BE6569D1} = {5E6D3A02-5F9F-457B-B7BB-1EA858A0DCE4}
		{1E58FFBA-25AC-4028-8BBE-D1EDC77A7E82} = {5E6D3A02-5F9F-457B-B7BB-1EA858A0DCE4}
	EndGlobalSection
	GlobalSection(ExtensibilityGlobals) = postSolution
		SolutionGuid = {6B0B84BD-6C45-4416-8015-8973F870DE13}
	EndGlobalSection
EndGlobal
